Microsoft Visual Studio Solution File, Format Version 12.00
# Visual Studio Version 16
VisualStudioVersion = 16.0.809.10
MinimumVisualStudioVersion = 10.0.40219.1
Project("{FAE04EC0-301F-11D3-BF4B-00C04F79EFBC}") = "TalkableBinding.Ios", "TalkableBinding.Ios\TalkableBinding.Ios.csproj", "{A705F2A0-983E-41BE-AE5E-9548FBCD554A}"
EndProject
Project("{FAE04EC0-301F-11D3-BF4B-00C04F79EFBC}") = "TalkableBinding.SampleIos", "TalkableBinding.SampleIos\TalkableBinding.SampleIos.csproj", "{3428C209-6800-41FE-A18A-5A96170686AC}"
EndProject
Project("{9A19103F-16F7-4668-BE54-9A1E7A4F7556}") = "TalkableBinding.SampleCore", "TalkableBinding.SampleCore\TalkableBinding.SampleCore.csproj", "{EEC5327F-C9FC-42BE-87D8-06C7F8488F44}"
EndProject
Project("{FAE04EC0-301F-11D3-BF4B-00C04F79EFBC}") = "TalkableBinding.Android", "TalkableBinding.Android\TalkableBinding.Android.csproj", "{BAE5C9F1-29D1-430B-8E87-45CA4DC31FE1}"
EndProject
Project("{FAE04EC0-301F-11D3-BF4B-00C04F79EFBC}") = "TalkableBinding.SampleAndroid", "TalkableBinding.SampleAndroid\TalkableBinding.SampleAndroid.csproj", "{EA7D5CA4-2C48-45B7-9487-D40D2C393137}"
EndProject
Global
	GlobalSection(SolutionConfigurationPlatforms) = preSolution
		Debug|Any CPU = Debug|Any CPU
		Debug|iPhone = Debug|iPhone
		Debug|iPhoneSimulator = Debug|iPhoneSimulator
		Release|Any CPU = Release|Any CPU
		Release|iPhone = Release|iPhone
		Release|iPhoneSimulator = Release|iPhoneSimulator
	EndGlobalSection
	GlobalSection(ProjectConfigurationPlatforms) = postSolution
		{A705F2A0-983E-41BE-AE5E-9548FBCD554A}.Debug|Any CPU.ActiveCfg = Debug|Any CPU
		{A705F2A0-983E-41BE-AE5E-9548FBCD554A}.Debug|Any CPU.Build.0 = Debug|Any CPU
		{A705F2A0-983E-41BE-AE5E-9548FBCD554A}.Debug|iPhone.ActiveCfg = Debug|Any CPU
		{A705F2A0-983E-41BE-AE5E-9548FBCD554A}.Debug|iPhone.Build.0 = Debug|Any CPU
		{A705F2A0-983E-41BE-AE5E-9548FBCD554A}.Debug|iPhoneSimulator.ActiveCfg = Debug|Any CPU
		{A705F2A0-983E-41BE-AE5E-9548FBCD554A}.Debug|iPhoneSimulator.Build.0 = Debug|Any CPU
		{A705F2A0-983E-41BE-AE5E-9548FBCD554A}.Release|Any CPU.ActiveCfg = Release|Any CPU
		{A705F2A0-983E-41BE-AE5E-9548FBCD554A}.Release|Any CPU.Build.0 = Release|Any CPU
		{A705F2A0-983E-41BE-AE5E-9548FBCD554A}.Release|iPhone.ActiveCfg = Release|Any CPU
		{A705F2A0-983E-41BE-AE5E-9548FBCD554A}.Release|iPhone.Build.0 = Release|Any CPU
		{A705F2A0-983E-41BE-AE5E-9548FBCD554A}.Release|iPhoneSimulator.ActiveCfg = Release|Any CPU
		{A705F2A0-983E-41BE-AE5E-9548FBCD554A}.Release|iPhoneSimulator.Build.0 = Release|Any CPU
		{3428C209-6800-41FE-A18A-5A96170686AC}.Debug|Any CPU.ActiveCfg = Debug|iPhoneSimulator
		{3428C209-6800-41FE-A18A-5A96170686AC}.Debug|Any CPU.Build.0 = Debug|iPhoneSimulator
		{3428C209-6800-41FE-A18A-5A96170686AC}.Debug|iPhone.ActiveCfg = Debug|iPhone
		{3428C209-6800-41FE-A18A-5A96170686AC}.Debug|iPhone.Build.0 = Debug|iPhone
		{3428C209-6800-41FE-A18A-5A96170686AC}.Debug|iPhoneSimulator.ActiveCfg = Debug|iPhoneSimulator
		{3428C209-6800-41FE-A18A-5A96170686AC}.Debug|iPhoneSimulator.Build.0 = Debug|iPhoneSimulator
		{3428C209-6800-41FE-A18A-5A96170686AC}.Release|Any CPU.ActiveCfg = Release|iPhoneSimulator
		{3428C209-6800-41FE-A18A-5A96170686AC}.Release|Any CPU.Build.0 = Release|iPhoneSimulator
		{3428C209-6800-41FE-A18A-5A96170686AC}.Release|iPhone.ActiveCfg = Release|iPhone
		{3428C209-6800-41FE-A18A-5A96170686AC}.Release|iPhone.Build.0 = Release|iPhone
		{3428C209-6800-41FE-A18A-5A96170686AC}.Release|iPhoneSimulator.ActiveCfg = Release|iPhoneSimulator
		{3428C209-6800-41FE-A18A-5A96170686AC}.Release|iPhoneSimulator.Build.0 = Release|iPhoneSimulator
		{EEC5327F-C9FC-42BE-87D8-06C7F8488F44}.Debug|Any CPU.ActiveCfg = Debug|Any CPU
		{EEC5327F-C9FC-42BE-87D8-06C7F8488F44}.Debug|Any CPU.Build.0 = Debug|Any CPU
		{EEC5327F-C9FC-42BE-87D8-06C7F8488F44}.Debug|iPhone.ActiveCfg = Debug|Any CPU
		{EEC5327F-C9FC-42BE-87D8-06C7F8488F44}.Debug|iPhone.Build.0 = Debug|Any CPU
		{EEC5327F-C9FC-42BE-87D8-06C7F8488F44}.Debug|iPhoneSimulator.ActiveCfg = Debug|Any CPU
		{EEC5327F-C9FC-42BE-87D8-06C7F8488F44}.Debug|iPhoneSimulator.Build.0 = Debug|Any CPU
		{EEC5327F-C9FC-42BE-87D8-06C7F8488F44}.Release|Any CPU.ActiveCfg = Release|Any CPU
		{EEC5327F-C9FC-42BE-87D8-06C7F8488F44}.Release|Any CPU.Build.0 = Release|Any CPU
		{EEC5327F-C9FC-42BE-87D8-06C7F8488F44}.Release|iPhone.ActiveCfg = Release|Any CPU
		{EEC5327F-C9FC-42BE-87D8-06C7F8488F44}.Release|iPhone.Build.0 = Release|Any CPU
		{EEC5327F-C9FC-42BE-87D8-06C7F8488F44}.Release|iPhoneSimulator.ActiveCfg = Release|Any CPU
		{EEC5327F-C9FC-42BE-87D8-06C7F8488F44}.Release|iPhoneSimulator.Build.0 = Release|Any CPU
		{BAE5C9F1-29D1-430B-8E87-45CA4DC31FE1}.Debug|Any CPU.ActiveCfg = Debug|Any CPU
		{BAE5C9F1-29D1-430B-8E87-45CA4DC31FE1}.Debug|Any CPU.Build.0 = Debug|Any CPU
		{BAE5C9F1-29D1-430B-8E87-45CA4DC31FE1}.Debug|iPhone.ActiveCfg = Debug|Any CPU
		{BAE5C9F1-29D1-430B-8E87-45CA4DC31FE1}.Debug|iPhone.Build.0 = Debug|Any CPU
		{BAE5C9F1-29D1-430B-8E87-45CA4DC31FE1}.Debug|iPhoneSimulator.ActiveCfg = Debug|Any CPU
		{BAE5C9F1-29D1-430B-8E87-45CA4DC31FE1}.Debug|iPhoneSimulator.Build.0 = Debug|Any CPU
		{BAE5C9F1-29D1-430B-8E87-45CA4DC31FE1}.Release|Any CPU.ActiveCfg = Release|Any CPU
		{BAE5C9F1-29D1-430B-8E87-45CA4DC31FE1}.Release|Any CPU.Build.0 = Release|Any CPU
		{BAE5C9F1-29D1-430B-8E87-45CA4DC31FE1}.Release|iPhone.ActiveCfg = Release|Any CPU
		{BAE5C9F1-29D1-430B-8E87-45CA4DC31FE1}.Release|iPhone.Build.0 = Release|Any CPU
		{BAE5C9F1-29D1-430B-8E87-45CA4DC31FE1}.Release|iPhoneSimulator.ActiveCfg = Release|Any CPU
		{BAE5C9F1-29D1-430B-8E87-45CA4DC31FE1}.Release|iPhoneSimulator.Build.0 = Release|Any CPU
		{EA7D5CA4-2C48-45B7-9487-D40D2C393137}.Debug|Any CPU.ActiveCfg = Debug|Any CPU
		{EA7D5CA4-2C48-45B7-9487-D40D2C393137}.Debug|Any CPU.Build.0 = Debug|Any CPU
		{EA7D5CA4-2C48-45B7-9487-D40D2C393137}.Debug|Any CPU.Deploy.0 = Debug|Any CPU
		{EA7D5CA4-2C48-45B7-9487-D40D2C393137}.Debug|iPhone.ActiveCfg = Debug|Any CPU
		{EA7D5CA4-2C48-45B7-9487-D40D2C393137}.Debug|iPhone.Build.0 = Debug|Any CPU
		{EA7D5CA4-2C48-45B7-9487-D40D2C393137}.Debug|iPhone.Deploy.0 = Debug|Any CPU
		{EA7D5CA4-2C48-45B7-9487-D40D2C393137}.Debug|iPhoneSimulator.ActiveCfg = Debug|Any CPU
		{EA7D5CA4-2C48-45B7-9487-D40D2C393137}.Debug|iPhoneSimulator.Build.0 = Debug|Any CPU
		{EA7D5CA4-2C48-45B7-9487-D40D2C393137}.Debug|iPhoneSimulator.Deploy.0 = Debug|Any CPU
		{EA7D5CA4-2C48-45B7-9487-D40D2C393137}.Release|Any CPU.ActiveCfg = Release|Any CPU
		{EA7D5CA4-2C48-45B7-9487-D40D2C393137}.Release|Any CPU.Build.0 = Release|Any CPU
		{EA7D5CA4-2C48-45B7-9487-D40D2C393137}.Release|Any CPU.Deploy.0 = Release|Any CPU
		{EA7D5CA4-2C48-45B7-9487-D40D2C393137}.Release|iPhone.ActiveCfg = Release|Any CPU
		{EA7D5CA4-2C48-45B7-9487-D40D2C393137}.Release|iPhone.Build.0 = Release|Any CPU
		{EA7D5CA4-2C48-45B7-9487-D40D2C393137}.Release|iPhone.Deploy.0 = Release|Any CPU
		{EA7D5CA4-2C48-45B7-9487-D40D2C393137}.Release|iPhoneSimulator.ActiveCfg = Release|Any CPU
		{EA7D5CA4-2C48-45B7-9487-D40D2C393137}.Release|iPhoneSimulator.Build.0 = Release|Any CPU
		{EA7D5CA4-2C48-45B7-9487-D40D2C393137}.Release|iPhoneSimulator.Deploy.0 = Release|Any CPU
	EndGlobalSection
	GlobalSection(SolutionProperties) = preSolution
		HideSolutionNode = FALSE
	EndGlobalSection
	GlobalSection(ExtensibilityGlobals) = postSolution
		SolutionGuid = {55DC161B-3BA0-4EA5-90B2-B24589082105}
	EndGlobalSection
EndGlobal
